
Microsoft Visual Studio Solution File, Format Version 12.00
# Visual Studio 15
VisualStudioVersion = 15.0.27428.2015
MinimumVisualStudioVersion = 10.0.40219.1
Project("{FAE04EC0-301F-11D3-BF4B-00C04F79EFBC}") = "NumberGuesser", "NumberGuesser\NumberGuesser.csproj", "{866D19E9-8126-4241-A952-CF724912AC91}"
EndProject
Global
	GlobalSection(SolutionConfigurationPlatforms) = preSolution
		Debug|Any CPU = Debug|Any CPU
		Release|Any CPU = Release|Any CPU
	EndGlobalSection
	GlobalSection(ProjectConfigurationPlatforms) = postSolution
		{866D19E9-8126-4241-A952-CF724912AC91}.Debug|Any CPU.ActiveCfg = Debug|Any CPU
		{866D19E9-8126-4241-A952-CF724912AC91}.Debug|Any CPU.Build.0 = Debug|Any CPU
		{866D19E9-8126-4241-A952-CF724912AC91}.Release|Any CPU.ActiveCfg = Release|Any CPU
		{866D19E9-8126-4241-A952-CF724912AC91}.Release|Any CPU.Build.0 = Release|Any CPU
	EndGlobalSection
	GlobalSection(SolutionProperties) = preSolution
		HideSolutionNode = FALSE
	EndGlobalSection
	GlobalSection(ExtensibilityGlobals) = postSolution
		SolutionGuid = {D103864B-6424-4DBC-AF7B-51BFF65A27FB}
	EndGlobalSection
EndGlobal
